
Microsoft Visual Studio Solution File, Format Version 12.00
# Visual Studio Version 16
VisualStudioVersion = 16.0.31005.135
MinimumVisualStudioVersion = 10.0.40219.1
Project("{FAE04EC0-301F-11D3-BF4B-00C04F79EFBC}") = "Sport", "Sport.csproj", "{A49811A0-BFA5-412A-BE97-084C5653B7E3}"
EndProject
Global
	GlobalSection(SolutionConfigurationPlatforms) = preSolution
		Debug|Any CPU = Debug|Any CPU
		Release|Any CPU = Release|Any CPU
	EndGlobalSection
	GlobalSection(ProjectConfigurationPlatforms) = postSolution
		{A49811A0-BFA5-412A-BE97-084C5653B7E3}.Debug|Any CPU.ActiveCfg = Debug|Any CPU
		{A49811A0-BFA5-412A-BE97-084C5653B7E3}.Debug|Any CPU.Build.0 = Debug|Any CPU
		{A49811A0-BFA5-412A-BE97-084C5653B7E3}.Release|Any CPU.ActiveCfg = Release|Any CPU
		{A49811A0-BFA5-412A-BE97-084C5653B7E3}.Release|Any CPU.Build.0 = Release|Any CPU
	EndGlobalSection
	GlobalSection(SolutionProperties) = preSolution
		HideSolutionNode = FALSE
	EndGlobalSection
	GlobalSection(ExtensibilityGlobals) = postSolution
		SolutionGuid = {18CC7C89-D191-4698-96ED-27E195CE466E}
	EndGlobalSection
EndGlobal
